
Microsoft Visual Studio Solution File, Format Version 12.00
Project("{FAE04EC0-301F-11D3-BF4B-00C04F79EFBC}") = "TICup2023", "TICup2023\TICup2023.csproj", "{EDCF1C51-D1B6-45B3-AF96-228CC9D64B10}"
EndProject
Global
	GlobalSection(SolutionConfigurationPlatforms) = preSolution
		Debug|Any CPU = Debug|Any CPU
		Release|Any CPU = Release|Any CPU
	EndGlobalSection
	GlobalSection(ProjectConfigurationPlatforms) = postSolution
		{EDCF1C51-D1B6-45B3-AF96-228CC9D64B10}.Debug|Any CPU.ActiveCfg = Debug|Any CPU
		{EDCF1C51-D1B6-45B3-AF96-228CC9D64B10}.Debug|Any CPU.Build.0 = Debug|Any CPU
		{EDCF1C51-D1B6-45B3-AF96-228CC9D64B10}.Release|Any CPU.ActiveCfg = Release|Any CPU
		{EDCF1C51-D1B6-45B3-AF96-228CC9D64B10}.Release|Any CPU.Build.0 = Release|Any CPU
	EndGlobalSection
EndGlobal
